
Microsoft Visual Studio Solution File, Format Version 12.00
# Visual Studio Version 16
VisualStudioVersion = 16.0.29519.181
MinimumVisualStudioVersion = 10.0.40219.1
Project("{FAE04EC0-301F-11D3-BF4B-00C04F79EFBC}") = "MyForAPI", "MyForAPI\MyForAPI.csproj", "{D6C639D4-2E90-4A57-9D9C-46276EF42B3A}"
EndProject
Project("{FAE04EC0-301F-11D3-BF4B-00C04F79EFBC}") = "Common", "Common\Common.csproj", "{57741A84-6264-4444-934A-A9E8955EEADF}"
EndProject
Project("{FAE04EC0-301F-11D3-BF4B-00C04F79EFBC}") = "DB", "DB\DB.csproj", "{14A9A395-4864-4778-8B90-CBCD8BEB00A8}"
EndProject
Project("{FAE04EC0-301F-11D3-BF4B-00C04F79EFBC}") = "Domain", "Domain\Domain.csproj", "{A0071FBF-7055-4E71-B17D-09BA77421045}"
EndProject
Project("{FAE04EC0-301F-11D3-BF4B-00C04F79EFBC}") = "Files", "Files\Files.csproj", "{14A074F9-FD09-425C-A353-102CE41953B8}"
EndProject
Global
	GlobalSection(SolutionConfigurationPlatforms) = preSolution
		Debug|Any CPU = Debug|Any CPU
		Release|Any CPU = Release|Any CPU
	EndGlobalSection
	GlobalSection(ProjectConfigurationPlatforms) = postSolution
		{D6C639D4-2E90-4A57-9D9C-46276EF42B3A}.Debug|Any CPU.ActiveCfg = Debug|Any CPU
		{D6C639D4-2E90-4A57-9D9C-46276EF42B3A}.Debug|Any CPU.Build.0 = Debug|Any CPU
		{D6C639D4-2E90-4A57-9D9C-46276EF42B3A}.Release|Any CPU.ActiveCfg = Release|Any CPU
		{D6C639D4-2E90-4A57-9D9C-46276EF42B3A}.Release|Any CPU.Build.0 = Release|Any CPU
		{57741A84-6264-4444-934A-A9E8955EEADF}.Debug|Any CPU.ActiveCfg = Debug|Any CPU
		{57741A84-6264-4444-934A-A9E8955EEADF}.Debug|Any CPU.Build.0 = Debug|Any CPU
		{57741A84-6264-4444-934A-A9E8955EEADF}.Release|Any CPU.ActiveCfg = Release|Any CPU
		{57741A84-6264-4444-934A-A9E8955EEADF}.Release|Any CPU.Build.0 = Release|Any CPU
		{14A9A395-4864-4778-8B90-CBCD8BEB00A8}.Debug|Any CPU.ActiveCfg = Debug|Any CPU
		{14A9A395-4864-4778-8B90-CBCD8BEB00A8}.Debug|Any CPU.Build.0 = Debug|Any CPU
		{14A9A395-4864-4778-8B90-CBCD8BEB00A8}.Release|Any CPU.ActiveCfg = Release|Any CPU
		{14A9A395-4864-4778-8B90-CBCD8BEB00A8}.Release|Any CPU.Build.0 = Release|Any CPU
		{A0071FBF-7055-4E71-B17D-09BA77421045}.Debug|Any CPU.ActiveCfg = Debug|Any CPU
		{A0071FBF-7055-4E71-B17D-09BA77421045}.Debug|Any CPU.Build.0 = Debug|Any CPU
		{A0071FBF-7055-4E71-B17D-09BA77421045}.Release|Any CPU.ActiveCfg = Release|Any CPU
		{A0071FBF-7055-4E71-B17D-09BA77421045}.Release|Any CPU.Build.0 = Release|Any CPU
		{14A074F9-FD09-425C-A353-102CE41953B8}.Debug|Any CPU.ActiveCfg = Debug|Any CPU
		{14A074F9-FD09-425C-A353-102CE41953B8}.Debug|Any CPU.Build.0 = Debug|Any CPU
		{14A074F9-FD09-425C-A353-102CE41953B8}.Release|Any CPU.ActiveCfg = Release|Any CPU
		{14A074F9-FD09-425C-A353-102CE41953B8}.Release|Any CPU.Build.0 = Release|Any CPU
	EndGlobalSection
	GlobalSection(SolutionProperties) = preSolution
		HideSolutionNode = FALSE
	EndGlobalSection
	GlobalSection(ExtensibilityGlobals) = postSolution
		SolutionGuid = {5AD80DDD-EF52-42CB-BB1A-D21FA7670A79}
	EndGlobalSection
EndGlobal
